{
    "_readme": [
        "This file locks the dependencies of your project to a known state",
        "Read more about it at https://getcomposer.org/doc/01-basic-usage.md#installing-dependencies",
        "This file is @generated automatically"
    ],
    "content-hash": "b70ad95713b335bf61d9a3c0a1ac5102",
    "packages": [
        {
            "name": "broccoli-html-editor/broccoli-field-table",
            "version": "0.2.0",
            "source": {
                "type": "git",
                "url": "https://github.com/broccoli-html-editor/broccoli-field-table.git",
                "reference": "168cdaba9a44cac916a33bf1fd415dc3df7aeec3"
            },
            "dist": {
                "type": "zip",
                "url": "https://api.github.com/repos/broccoli-html-editor/broccoli-field-table/zipball/168cdaba9a44cac916a33bf1fd415dc3df7aeec3",
                "reference": "168cdaba9a44cac916a33bf1fd415dc3df7aeec3",
                "shasum": ""
            },
            "require": {
                "leafo/scssphp": "^0.7.6",
                "michelf/php-markdown": "^1.8",
                "php": ">=5.4.0",
                "tomk79/filesystem": "^1.0",
                "tomk79/php-excel2html": "^0.0.7",
                "tomk79/request": "^1.0"
            },
            "require-dev": {
                "broccoli-html-editor/broccoli-html-editor": "^0.3.0",
                "phpunit/phpunit": "^4.1.0"
            },
            "type": "library",
            "autoload": {
                "files": [
                    "php/main.php",
                    "php/excel2html.php"
                ]
            },
            "notification-url": "https://packagist.org/downloads/",
            "license": [
                "MIT"
            ],
            "authors": [
                {
                    "name": "Tomoya Koyanagi",
                    "email": "tomk79@gmail.com"
                }
            ],
            "time": "2018-07-27T03:42:30+00:00"
        },
        {
            "name": "broccoli-html-editor/broccoli-html-editor",
            "version": "0.3.15",
            "source": {
                "type": "git",
                "url": "https://github.com/broccoli-html-editor/broccoli-html-editor.git",
                "reference": "1dab2f5afde8590b59ec4071e08811f303ba5565"
            },
            "dist": {
                "type": "zip",
                "url": "https://api.github.com/repos/broccoli-html-editor/broccoli-html-editor/zipball/1dab2f5afde8590b59ec4071e08811f303ba5565",
                "reference": "1dab2f5afde8590b59ec4071e08811f303ba5565",
                "shasum": ""
            },
            "require": {
                "leafo/scssphp": "^0.7.6",
                "michelf/php-markdown": "^1.8",
                "php": ">=5.4.0",
                "tomk79/filesystem": "^1.0",
                "tomk79/langbank": "^0.0.4",
                "twig/twig": ">=1.35"
            },
            "require-dev": {
                "phpunit/phpunit": "^4.1.0"
            },
            "type": "library",
            "autoload": {
                "files": [
                    "php/main.php",
                    "php/fieldBase.php",
                    "php/resourceMgr.php",
                    "php/classModule.php",
                    "php/buildModuleResources.php",
                    "php/buildBowl.php",
                    "php/gpi.php",
                    "fields/php/href.php",
                    "fields/php/html_attr_text.php",
                    "fields/php/html.php",
                    "fields/php/image.php",
                    "fields/php/markdown.php",
                    "fields/php/multitext.php",
                    "fields/php/script.php",
                    "fields/php/select.php",
                    "fields/php/text.php",
                    "php/fncs/readme.php",
                    "php/helper/twig.php",
                    "php/simple_html_dom.php"
                ]
            },
            "notification-url": "https://packagist.org/downloads/",
            "license": [
                "MIT"
            ],
            "authors": [
                {
                    "name": "Tomoya Koyanagi",
                    "email": "tomk79@gmail.com"
                }
            ],
            "description": "GUI HTML Editor Library.",
            "keywords": [
                "broccoli-html-editor"
            ],
            "time": "2020-03-14T07:01:47+00:00"
        },
        {
            "name": "leafo/scssphp",
            "version": "v0.7.8",
            "source": {
                "type": "git",
                "url": "https://github.com/leafo/scssphp.git",
                "reference": "a384906af3d078e98b089d7d36f6ceab8703f7ff"
            },
            "dist": {
                "type": "zip",
                "url": "https://api.github.com/repos/leafo/scssphp/zipball/a384906af3d078e98b089d7d36f6ceab8703f7ff",
                "reference": "a384906af3d078e98b089d7d36f6ceab8703f7ff",
                "shasum": ""
            },
            "require": {
                "php": ">=5.4.0"
            },
            "require-dev": {
                "phpunit/phpunit": "~4.6",
                "squizlabs/php_codesniffer": "~2.5"
            },
            "bin": [
                "bin/pscss"
            ],
            "type": "library",
            "autoload": {
                "psr-4": {
                    "Leafo\\ScssPhp\\": "src/"
                }
            },
            "notification-url": "https://packagist.org/downloads/",
            "license": [
                "MIT"
            ],
            "authors": [
                {
                    "name": "Leaf Corcoran",
                    "email": "leafot@gmail.com",
                    "homepage": "http://leafo.net"
                }
            ],
            "description": "scssphp is a compiler for SCSS written in PHP.",
            "homepage": "http://leafo.github.io/scssphp/",
            "keywords": [
                "css",
                "less",
                "sass",
                "scss",
                "stylesheet"
            ],
            "abandoned": "scssphp/scssphp",
            "time": "2019-04-24T18:10:10+00:00"
        },
        {
            "name": "michelf/php-markdown",
            "version": "1.9.0",
            "source": {
                "type": "git",
                "url": "https://github.com/michelf/php-markdown.git",
                "reference": "c83178d49e372ca967d1a8c77ae4e051b3a3c75c"
            },
            "dist": {
                "type": "zip",
                "url": "https://api.github.com/repos/michelf/php-markdown/zipball/c83178d49e372ca967d1a8c77ae4e051b3a3c75c",
                "reference": "c83178d49e372ca967d1a8c77ae4e051b3a3c75c",
                "shasum": ""
            },
            "require": {
                "php": ">=5.3.0"
            },
            "require-dev": {
                "phpunit/phpunit": ">=4.3 <5.8"
            },
            "type": "library",
            "autoload": {
                "psr-4": {
                    "Michelf\\": "Michelf/"
                }
            },
            "notification-url": "https://packagist.org/downloads/",
            "license": [
                "BSD-3-Clause"
            ],
            "authors": [
                {
                    "name": "Michel Fortin",
                    "email": "michel.fortin@michelf.ca",
                    "homepage": "https://michelf.ca/",
                    "role": "Developer"
                },
                {
                    "name": "John Gruber",
                    "homepage": "https://daringfireball.net/"
                }
            ],
            "description": "PHP Markdown",
            "homepage": "https://michelf.ca/projects/php-markdown/",
            "keywords": [
                "markdown"
            ],
            "time": "2019-12-02T02:32:27+00:00"
        },
        {
            "name": "phpoffice/phpexcel",
            "version": "1.8.2",
            "source": {
                "type": "git",
                "url": "https://github.com/PHPOffice/PHPExcel.git",
                "reference": "1441011fb7ecdd8cc689878f54f8b58a6805f870"
            },
            "dist": {
                "type": "zip",
                "url": "https://api.github.com/repos/PHPOffice/PHPExcel/zipball/1441011fb7ecdd8cc689878f54f8b58a6805f870",
                "reference": "1441011fb7ecdd8cc689878f54f8b58a6805f870",
                "shasum": ""
            },
            "require": {
                "ext-mbstring": "*",
                "ext-xml": "*",
                "ext-xmlwriter": "*",
                "php": "^5.2|^7.0"
            },
            "require-dev": {
                "squizlabs/php_codesniffer": "2.*"
            },
            "type": "library",
            "autoload": {
                "psr-0": {
                    "PHPExcel": "Classes/"
                }
            },
            "notification-url": "https://packagist.org/downloads/",
            "license": [
                "LGPL-2.1"
            ],
            "authors": [
                {
                    "name": "Maarten Balliauw",
                    "homepage": "http://blog.maartenballiauw.be"
                },
                {
                    "name": "Erik Tilt"
                },
                {
                    "name": "Franck Lefevre",
                    "homepage": "http://rootslabs.net"
                },
                {
                    "name": "Mark Baker",
                    "homepage": "http://markbakeruk.net"
                }
            ],
            "description": "PHPExcel - OpenXML - Read, Create and Write Spreadsheet documents in PHP - Spreadsheet engine",
            "homepage": "https://github.com/PHPOffice/PHPExcel",
            "keywords": [
                "OpenXML",
                "excel",
                "php",
                "spreadsheet",
                "xls",
                "xlsx"
            ],
            "abandoned": "phpoffice/phpspreadsheet",
            "time": "2018-11-22T23:07:24+00:00"
        },
        {
            "name": "pickles2/lib-px2-contents-editor",
            "version": "2.0.10",
            "source": {
                "type": "git",
                "url": "https://github.com/pickles2/node-pickles2-contents-editor.git",
                "reference": "5e3ee8c7718692ee1cbfc2a696670e9153343dee"
            },
            "dist": {
                "type": "zip",
                "url": "https://api.github.com/repos/pickles2/node-pickles2-contents-editor/zipball/5e3ee8c7718692ee1cbfc2a696670e9153343dee",
                "reference": "5e3ee8c7718692ee1cbfc2a696670e9153343dee",
                "shasum": ""
            },
            "require": {
                "broccoli-html-editor/broccoli-field-table": "^0.2",
                "broccoli-html-editor/broccoli-html-editor": "^0.3",
                "php": ">=5.4.0"
            },
            "require-dev": {
                "broccoli-html-editor/broccoli-module-fess": "dev-develop",
                "broccoli-html-editor/broccoli-module-plain-html-elements": "dev-develop",
                "phpunit/phpunit": "^4.1.0",
                "pickles2/px-fw-2.x": "dev-develop",
                "pickles2/px2-dec": "dev-develop",
                "pickles2/px2-multitheme": "dev-develop",
                "pickles2/px2-path-resolver": "dev-develop",
                "pickles2/px2-px2dthelper": "^2.0",
                "pickles2/px2-remove-attr": "dev-develop",
                "pickles2/px2-sitemapexcel": "dev-develop",
                "tomk79/broccoli-module-lp": "dev-develop"
            },
            "type": "library",
            "autoload": {
                "files": [
                    "php/main.php",
                    "php/gpi.php",
                    "php/editor/default.php",
                    "php/editor/broccoli.php"
                ]
            },
            "notification-url": "https://packagist.org/downloads/",
            "license": [
                "MIT"
            ],
            "authors": [
                {
                    "name": "Tomoya Koyanagi",
                    "email": "tomk79@gmail.com"
                }
            ],
            "description": "Pickles 2 contents editor library.",
            "keywords": [
                "pickles2"
            ],
            "time": "2020-01-01T22:19:01+00:00"
        },
        {
            "name": "pickles2/lib-px2-module-editor",
            "version": "0.2.6",
            "source": {
                "type": "git",
                "url": "https://github.com/pickles2/node-pickles2-module-editor.git",
                "reference": "9b76930246f433d117ac38fb7a4d62de59885af9"
            },
            "dist": {
                "type": "zip",
                "url": "https://api.github.com/repos/pickles2/node-pickles2-module-editor/zipball/9b76930246f433d117ac38fb7a4d62de59885af9",
                "reference": "9b76930246f433d117ac38fb7a4d62de59885af9",
                "shasum": ""
            },
            "require": {
                "php": ">=5.4.0",
                "pickles2/lib-px2-contents-editor": "^2.0.5",
                "tomk79/langbank": "^0.0.4"
            },
            "require-dev": {
                "broccoli-html-editor/broccoli-module-fess": "dev-develop",
                "broccoli-html-editor/broccoli-module-plain-html-elements": "dev-develop",
                "phpunit/phpunit": "^4.1.0",
                "pickles2/px-fw-2.x": "dev-develop",
                "pickles2/px2-dec": "dev-master",
                "pickles2/px2-multitheme": "dev-develop",
                "pickles2/px2-path-resolver": "dev-develop",
                "pickles2/px2-px2dthelper": "^2.0.7",
                "pickles2/px2-remove-attr": "dev-develop",
                "pickles2/px2-sitemapexcel": "dev-develop"
            },
            "type": "library",
            "autoload": {
                "files": [
                    "php/main.php",
                    "php/gpi.php"
                ]
            },
            "notification-url": "https://packagist.org/downloads/",
            "license": [
                "MIT"
            ],
            "authors": [
                {
                    "name": "Tomoya Koyanagi",
                    "email": "tomk79@gmail.com"
                }
            ],
            "description": "Pickles 2 module editor library.",
            "keywords": [
                "pickles2"
            ],
            "time": "2020-01-14T09:47:29+00:00"
        },
        {
            "name": "pickles2/px-fw-2.x",
            "version": "2.0.44",
            "source": {
                "type": "git",
                "url": "https://github.com/pickles2/px-fw-2.x.git",
                "reference": "8fa928965c86fcb4e2b543627f6906a03e8788f4"
            },
            "dist": {
                "type": "zip",
                "url": "https://api.github.com/repos/pickles2/px-fw-2.x/zipball/8fa928965c86fcb4e2b543627f6906a03e8788f4",
                "reference": "8fa928965c86fcb4e2b543627f6906a03e8788f4",
                "shasum": ""
            },
            "require": {
                "ext-mbstring": "*",
                "ext-pdo": "*",
                "ext-pdo_sqlite": "*",
                "leafo/scssphp": "^0.7.0",
                "michelf/php-markdown": "^1.6.0",
                "php": ">=5.4.0",
                "tomk79/filesystem": "^1.0.0",
                "tomk79/request": "^1.0.0"
            },
            "require-dev": {
                "jms/serializer": "<1.8",
                "phpdocumentor/phpdocumentor": "^2.9.0",
                "phpunit/phpunit": "^4.1.0"
            },
            "type": "library",
            "autoload": {
                "files": [
                    "php/pickles.php",
                    "php/px.php",
                    "php/bowl.php",
                    "php/pxcmd.php",
                    "php/site.php",
                    "php/commands/api.php",
                    "php/commands/clearcache.php",
                    "php/commands/config.php",
                    "php/commands/phpinfo.php",
                    "php/commands/publish.php",
                    "php/processors/md.php",
                    "php/processors/scss.php",
                    "php/processors/autoindex.php",
                    "php/processors/encodingconverter.php",
                    "php/processors/ssi.php",
                    "px-files/themes/pickles2/php/theme.php"
                ]
            },
            "notification-url": "https://packagist.org/downloads/",
            "license": [
                "MIT"
            ],
            "authors": [
                {
                    "name": "Tomoya Koyanagi",
                    "email": "tomk79@gmail.com"
                }
            ],
            "description": "Pickles Framework(PxFW) は、静的で大きなウェブサイトを効率よく構築できる オープンソースのHTML生成ツールです。",
            "keywords": [
                "pickles",
                "pickles2"
            ],
            "time": "2020-01-01T21:16:17+00:00"
        },
        {
            "name": "pickles2/px2-dec",
            "version": "2.0.2",
            "source": {
                "type": "git",
                "url": "https://github.com/pickles2/px2-dec.git",
                "reference": "d8c12ef2c8ecddee50413d1dd31553a9cae81d51"
            },
            "dist": {
                "type": "zip",
                "url": "https://api.github.com/repos/pickles2/px2-dec/zipball/d8c12ef2c8ecddee50413d1dd31553a9cae81d51",
                "reference": "d8c12ef2c8ecddee50413d1dd31553a9cae81d51",
                "shasum": ""
            },
            "require": {
                "php": ">=5.4.0"
            },
            "require-dev": {
                "phpunit/phpunit": "4.1.*",
                "pickles2/broccoli-module-fess": "dev-develop",
                "pickles2/broccoli-module-plain-html-elements": "dev-develop",
                "pickles2/px-fw-2.x": "dev-develop",
                "pickles2/px2-px2dthelper": "dev-develop",
                "pickles2/px2-sitemapexcel": "dev-develop"
            },
            "type": "library",
            "autoload": {
                "files": [
                    "php/dec.php"
                ]
            },
            "notification-url": "https://packagist.org/downloads/",
            "license": [
                "MIT"
            ],
            "authors": [
                {
                    "name": "Tomoya Koyanagi",
                    "email": "tomk79@gmail.com"
                }
            ],
            "description": "px2-dec は、Pickles 2 に DEC 拡張機能を追加します。",
            "keywords": [
                "pickles2"
            ],
            "time": "2019-09-10T05:12:53+00:00"
        },
        {
            "name": "pickles2/px2-multitheme",
            "version": "2.0.6",
            "source": {
                "type": "git",
                "url": "https://github.com/pickles2/px2-multitheme.git",
                "reference": "7265582cc8e98957a516882082b18162dc0b513e"
            },
            "dist": {
                "type": "zip",
                "url": "https://api.github.com/repos/pickles2/px2-multitheme/zipball/7265582cc8e98957a516882082b18162dc0b513e",
                "reference": "7265582cc8e98957a516882082b18162dc0b513e",
                "shasum": ""
            },
            "require": {
                "php": ">=5.4.0"
            },
            "require-dev": {
                "phpdocumentor/phpdocumentor": "^2.9",
                "phpunit/phpunit": "4.1.*",
                "pickles2/broccoli-module-plain-html-elements": "dev-develop",
                "pickles2/px-fw-2.x": "dev-develop",
                "pickles2/px2-px2dthelper": "dev-develop",
                "tomk79/filesystem": "1.*"
            },
            "type": "library",
            "extra": {
                "px2package": {
                    "name": "pickles2/px2-multitheme",
                    "type": "processor"
                }
            },
            "autoload": {
                "files": [
                    "px-files/php/theme.php",
                    "px-files/php/template_utility.php"
                ]
            },
            "notification-url": "https://packagist.org/downloads/",
            "license": [
                "MIT"
            ],
            "authors": [
                {
                    "name": "Tomoya Koyanagi",
                    "email": "tomk79@gmail.com"
                }
            ],
            "description": "px2-multitheme は、複数のテーマを同時に管理する機能を Pickles 2 に追加します。",
            "keywords": [
                "pickles2"
            ],
            "time": "2018-08-22T13:50:55+00:00"
        },
        {
            "name": "pickles2/px2-path-resolver",
            "version": "2.0.13",
            "source": {
                "type": "git",
                "url": "https://github.com/pickles2/px2-path-resolver.git",
                "reference": "14d3adbe6248d1be302b82fa6f7df7a59629c36d"
            },
            "dist": {
                "type": "zip",
                "url": "https://api.github.com/repos/pickles2/px2-path-resolver/zipball/14d3adbe6248d1be302b82fa6f7df7a59629c36d",
                "reference": "14d3adbe6248d1be302b82fa6f7df7a59629c36d",
                "shasum": ""
            },
            "require": {
                "php": ">=5.4.0",
                "tomk79/filesystem": "1.*"
            },
            "require-dev": {
                "phpunit/phpunit": "4.1.*",
                "pickles2/broccoli-module-fess": "dev-master",
                "pickles2/broccoli-module-plain-html-elements": "dev-master",
                "pickles2/px-fw-2.x": "dev-master",
                "pickles2/px2-px2dthelper": "dev-master",
                "pickles2/px2-sitemapexcel": "2.*"
            },
            "type": "library",
            "autoload": {
                "files": [
                    "php/main.php",
                    "php/pathResolver.php",
                    "php/resolveCommonContents.php",
                    "php/simple_html_dom.php"
                ]
            },
            "notification-url": "https://packagist.org/downloads/",
            "license": [
                "MIT"
            ],
            "authors": [
                {
                    "name": "Tomoya Koyanagi",
                    "email": "tomk79@gmail.com"
                }
            ],
            "description": "Pickles 2 に、相対パス・絶対パスでの書き出しオプションを追加します。",
            "keywords": [
                "pickles2"
            ],
            "time": "2019-09-04T12:37:20+00:00"
        },
        {
            "name": "pickles2/px2-publish-ex",
            "version": "2.0.5",
            "source": {
                "type": "git",
                "url": "https://github.com/pickles2/px2-publish-ex.git",
                "reference": "caf5cb1992da44072d913bcb5e7ccf84b2405ae8"
            },
            "dist": {
                "type": "zip",
                "url": "https://api.github.com/repos/pickles2/px2-publish-ex/zipball/caf5cb1992da44072d913bcb5e7ccf84b2405ae8",
                "reference": "caf5cb1992da44072d913bcb5e7ccf84b2405ae8",
                "shasum": ""
            },
            "require-dev": {
                "jms/serializer": "<1.8",
                "phpdocumentor/phpdocumentor": "^2.9",
                "phpunit/phpunit": "^4.8",
                "pickles2/px-fw-2.x": "dev-develop",
                "pickles2/px2-multitheme": "dev-develop"
            },
            "type": "library",
            "autoload": {
                "files": [
                    "php/device_target_path.php",
                    "php/path_resolver.php",
                    "php/path_rewriter.php",
                    "php/vendor_dir.php",
                    "php/publish.php",
                    "php/tmp_publish_dir.php",
                    "php/simple_html_dom.php"
                ]
            },
            "notification-url": "https://packagist.org/downloads/",
            "license": [
                "MIT"
            ],
            "authors": [
                {
                    "name": "Tomoya Koyanagi",
                    "email": "tomk79@gmail.com"
                }
            ],
            "description": "複数のデバイス向けのバージョンをパブリッシュできる、 Pickles 2 用のパブリッシュプラグイン。",
            "keywords": [
                "pickles2"
            ],
            "time": "2020-01-01T22:02:12+00:00"
        },
        {
            "name": "pickles2/px2-px2dthelper",
            "version": "2.0.14",
            "source": {
                "type": "git",
                "url": "https://github.com/pickles2/px2-px2dthelper.git",
                "reference": "ad1d1838386153b6eeeac076dd0c9a0f7378bbb7"
            },
            "dist": {
                "type": "zip",
                "url": "https://api.github.com/repos/pickles2/px2-px2dthelper/zipball/ad1d1838386153b6eeeac076dd0c9a0f7378bbb7",
                "reference": "ad1d1838386153b6eeeac076dd0c9a0f7378bbb7",
                "shasum": ""
            },
            "require": {
                "broccoli-html-editor/broccoli-html-editor": "^0.3",
                "leafo/scssphp": ">=0.7",
                "michelf/php-markdown": ">=1.6",
                "php": ">=5.4.0",
                "pickles2/lib-px2-contents-editor": "^2.0",
                "pickles2/lib-px2-module-editor": "^0.2",
                "tomk79/php-excel2html": "^0.0"
            },
            "require-dev": {
                "broccoli-html-editor/broccoli-module-fess": "dev-develop",
                "broccoli-html-editor/broccoli-module-plain-html-elements": "dev-develop",
                "jms/serializer": "<1.8",
                "phpdocumentor/phpdocumentor": "^2.9.0",
                "phpunit/phpunit": "^4.1.0",
                "pickles2/px-fw-2.x": "dev-develop",
                "pickles2/px2-multitheme": "dev-develop",
                "pickles2/px2-sitemapexcel": "dev-develop",
                "tomk79/filesystem": "^1.0.0"
            },
            "type": "library",
            "autoload": {
                "files": [
                    "php/main.php",
                    "php/broccoli/receive_message.php",
                    "php/px2ce/apis.php",
                    "php/px2me/apis.php"
                ]
            },
            "notification-url": "https://packagist.org/downloads/",
            "license": [
                "MIT"
            ],
            "authors": [
                {
                    "name": "Tomoya Koyanagi",
                    "email": "tomk79@gmail.com"
                }
            ],
            "description": "Pickles 2 用のプラグインです。Pickles 2 アプリケーション と連携させるためのAPIを提供します。",
            "keywords": [
                "pickles2"
            ],
            "time": "2020-01-01T21:35:45+00:00"
        },
        {
            "name": "pickles2/px2-remove-attr",
            "version": "2.0.3",
            "source": {
                "type": "git",
                "url": "https://github.com/pickles2/px2-remove-attr.git",
                "reference": "19a9f7665da34a93600d21594465521e09ee4c11"
            },
            "dist": {
                "type": "zip",
                "url": "https://api.github.com/repos/pickles2/px2-remove-attr/zipball/19a9f7665da34a93600d21594465521e09ee4c11",
                "reference": "19a9f7665da34a93600d21594465521e09ee4c11",
                "shasum": ""
            },
            "require": {
                "php": ">=5.4.0"
            },
            "require-dev": {
                "phpunit/phpunit": "4.1.*",
                "pickles2/broccoli-module-fess": "dev-master",
                "pickles2/broccoli-module-plain-html-elements": "dev-master",
                "pickles2/px-fw-2.x": "2.0.*",
                "pickles2/px2-px2dthelper": "dev-master",
                "pickles2/px2-sitemapexcel": "2.*"
            },
            "type": "library",
            "autoload": {
                "files": [
                    "php/main.php"
                ]
            },
            "notification-url": "https://packagist.org/downloads/",
            "license": [
                "MIT"
            ],
            "authors": [
                {
                    "name": "Tomoya Koyanagi",
                    "email": "tomk79@gmail.com"
                }
            ],
            "description": "px2-remove-attr は、Pickles 2 に、HTMLドキュメントから指定した属性を削除する機能を提供します。",
            "keywords": [
                "pickles"
            ],
            "time": "2019-09-10T05:16:42+00:00"
        },
        {
            "name": "pickles2/px2-sitemapexcel",
            "version": "2.0.11",
            "source": {
                "type": "git",
                "url": "https://github.com/pickles2/px2-sitemapexcel.git",
                "reference": "5ba654fcc4fc25a2aef2f409cabee5c1a7da6aa1"
            },
            "dist": {
                "type": "zip",
                "url": "https://api.github.com/repos/pickles2/px2-sitemapexcel/zipball/5ba654fcc4fc25a2aef2f409cabee5c1a7da6aa1",
                "reference": "5ba654fcc4fc25a2aef2f409cabee5c1a7da6aa1",
                "shasum": ""
            },
            "require": {
                "php": ">=5.4.0",
                "phpoffice/phpexcel": "^1.8",
                "tomk79/filesystem": "^1.0"
            },
            "require-dev": {
                "phpunit/phpunit": "4.1.*",
                "pickles2/px-fw-2.x": "dev-develop"
            },
            "type": "library",
            "extra": {
                "px2package": {
                    "name": "pickles2/px2-sitemapexcel",
                    "type": "processor"
                }
            },
            "autoload": {
                "files": [
                    "php/pickles-sitemap-excel.php",
                    "php/apis/csv2xlsx.php",
                    "php/apis/xlsx2csv.php",
                    "php/helper/PHPExcelHelper.php",
                    "php/helper/parseSitemapCsv.php",
                    "php/lock.php"
                ]
            },
            "notification-url": "https://packagist.org/downloads/",
            "license": [
                "MIT"
            ],
            "authors": [
                {
                    "name": "Tomoya Koyanagi",
                    "email": "tomk79@gmail.com"
                }
            ],
            "description": "Pickles 2 に、サイトマップをグラフィカルなエクセル形式(xlsx)で編集できる機能を追加します。",
            "keywords": [
                "pickles2"
            ],
            "time": "2019-05-21T07:09:29+00:00"
        },
        {
            "name": "symfony/polyfill-ctype",
            "version": "v1.14.0",
            "source": {
                "type": "git",
                "url": "https://github.com/symfony/polyfill-ctype.git",
                "reference": "fbdeaec0df06cf3d51c93de80c7eb76e271f5a38"
            },
            "dist": {
                "type": "zip",
                "url": "https://api.github.com/repos/symfony/polyfill-ctype/zipball/fbdeaec0df06cf3d51c93de80c7eb76e271f5a38",
                "reference": "fbdeaec0df06cf3d51c93de80c7eb76e271f5a38",
                "shasum": ""
            },
            "require": {
                "php": ">=5.3.3"
            },
            "suggest": {
                "ext-ctype": "For best performance"
            },
            "type": "library",
            "extra": {
                "branch-alias": {
                    "dev-master": "1.14-dev"
                }
            },
            "autoload": {
                "psr-4": {
                    "Symfony\\Polyfill\\Ctype\\": ""
                },
                "files": [
                    "bootstrap.php"
                ]
            },
            "notification-url": "https://packagist.org/downloads/",
            "license": [
                "MIT"
            ],
            "authors": [
                {
                    "name": "Gert de Pagter",
                    "email": "BackEndTea@gmail.com"
                },
                {
                    "name": "Symfony Community",
                    "homepage": "https://symfony.com/contributors"
                }
            ],
            "description": "Symfony polyfill for ctype functions",
            "homepage": "https://symfony.com",
            "keywords": [
                "compatibility",
                "ctype",
                "polyfill",
                "portable"
            ],
            "time": "2020-01-13T11:15:53+00:00"
        },
        {
            "name": "symfony/polyfill-mbstring",
            "version": "v1.14.0",
            "source": {
                "type": "git",
                "url": "https://github.com/symfony/polyfill-mbstring.git",
                "reference": "34094cfa9abe1f0f14f48f490772db7a775559f2"
            },
            "dist": {
                "type": "zip",
                "url": "https://api.github.com/repos/symfony/polyfill-mbstring/zipball/34094cfa9abe1f0f14f48f490772db7a775559f2",
                "reference": "34094cfa9abe1f0f14f48f490772db7a775559f2",
                "shasum": ""
            },
            "require": {
                "php": ">=5.3.3"
            },
            "suggest": {
                "ext-mbstring": "For best performance"
            },
            "type": "library",
            "extra": {
                "branch-alias": {
                    "dev-master": "1.14-dev"
                }
            },
            "autoload": {
                "psr-4": {
                    "Symfony\\Polyfill\\Mbstring\\": ""
                },
                "files": [
                    "bootstrap.php"
                ]
            },
            "notification-url": "https://packagist.org/downloads/",
            "license": [
                "MIT"
            ],
            "authors": [
                {
                    "name": "Nicolas Grekas",
                    "email": "p@tchwork.com"
                },
                {
                    "name": "Symfony Community",
                    "homepage": "https://symfony.com/contributors"
                }
            ],
            "description": "Symfony polyfill for the Mbstring extension",
            "homepage": "https://symfony.com",
            "keywords": [
                "compatibility",
                "mbstring",
                "polyfill",
                "portable",
                "shim"
            ],
            "time": "2020-01-13T11:15:53+00:00"
        },
        {
            "name": "tomk79/broccoli-module-interact",
            "version": "0.1.0",
            "source": {
                "type": "git",
                "url": "https://github.com/tomk79/broccoli-module-interact.git",
                "reference": "e9af7a7ee02f20b77a56c46a3c506bfd5acfc4d9"
            },
            "dist": {
                "type": "zip",
                "url": "https://api.github.com/repos/tomk79/broccoli-module-interact/zipball/e9af7a7ee02f20b77a56c46a3c506bfd5acfc4d9",
                "reference": "e9af7a7ee02f20b77a56c46a3c506bfd5acfc4d9",
                "shasum": ""
            },
            "require": {
                "php": ">=5.4.0"
            },
            "require-dev": {
                "pickles2/px-fw-2.x": "^2.0",
                "pickles2/px2-multitheme": "^2.0",
                "pickles2/px2-px2dthelper": "^2.0",
                "tomk79/broccoli-module-std-document": "dev-develop"
            },
            "type": "library",
            "autoload": {
                "files": []
            },
            "notification-url": "https://packagist.org/downloads/",
            "license": [
                "MIT"
            ],
            "authors": [
                {
                    "name": "Tomoya Koyanagi",
                    "email": "tomk79@gmail.com"
                }
            ],
            "keywords": [
                "broccoli",
                "pickles2"
            ],
            "time": "2019-07-09T15:56:49+00:00"
        },
        {
            "name": "tomk79/broccoli-module-lp",
            "version": "0.1.1",
            "source": {
                "type": "git",
                "url": "https://github.com/tomk79/broccoli-module-lp.git",
                "reference": "a613906b2647004eb23785b9f5f6ec522bb54e70"
            },
            "dist": {
                "type": "zip",
                "url": "https://api.github.com/repos/tomk79/broccoli-module-lp/zipball/a613906b2647004eb23785b9f5f6ec522bb54e70",
                "reference": "a613906b2647004eb23785b9f5f6ec522bb54e70",
                "shasum": ""
            },
            "require": {
                "php": ">=5.4.0"
            },
            "require-dev": {
                "pickles2/px-fw-2.x": "^2.0",
                "pickles2/px2-multitheme": "^2.0",
                "pickles2/px2-px2dthelper": "^2.0",
                "tomk79/broccoli-module-std-document": "dev-develop"
            },
            "type": "library",
            "autoload": {
                "files": [
                    "fields/cssMarginPadding/backend.php"
                ]
            },
            "notification-url": "https://packagist.org/downloads/",
            "license": [
                "MIT"
            ],
            "authors": [
                {
                    "name": "Tomoya Koyanagi",
                    "email": "tomk79@gmail.com"
                }
            ],
            "keywords": [
                "broccoli",
                "pickles2"
            ],
            "time": "2019-12-12T16:16:41+00:00"
        },
        {
            "name": "tomk79/broccoli-module-medias",
            "version": "0.1.0",
            "source": {
                "type": "git",
                "url": "https://github.com/tomk79/broccoli-module-medias.git",
                "reference": "0aa21528505f4a3a663a233e4ad9269a59f0255f"
            },
            "dist": {
                "type": "zip",
                "url": "https://api.github.com/repos/tomk79/broccoli-module-medias/zipball/0aa21528505f4a3a663a233e4ad9269a59f0255f",
                "reference": "0aa21528505f4a3a663a233e4ad9269a59f0255f",
                "shasum": ""
            },
            "require": {
                "php": ">=5.4.0"
            },
            "require-dev": {
                "pickles2/px-fw-2.x": "dev-develop",
                "pickles2/px2-multitheme": "dev-develop",
                "pickles2/px2-px2dthelper": "dev-develop",
                "tomk79/broccoli-module-std-document": "dev-develop"
            },
            "type": "library",
            "autoload": {
                "files": []
            },
            "notification-url": "https://packagist.org/downloads/",
            "license": [
                "MIT"
            ],
            "authors": [
                {
                    "name": "Tomoya Koyanagi",
                    "email": "tomk79@gmail.com"
                }
            ],
            "keywords": [
                "broccoli",
                "pickles2"
            ],
            "time": "2019-07-09T18:54:15+00:00"
        },
        {
            "name": "tomk79/broccoli-module-std-document",
            "version": "0.1.4",
            "source": {
                "type": "git",
                "url": "https://github.com/tomk79/broccoli-module-std-document.git",
                "reference": "24a903e197a5e252e64e6a0e40b755f6ac5b981f"
            },
            "dist": {
                "type": "zip",
                "url": "https://api.github.com/repos/tomk79/broccoli-module-std-document/zipball/24a903e197a5e252e64e6a0e40b755f6ac5b981f",
                "reference": "24a903e197a5e252e64e6a0e40b755f6ac5b981f",
                "shasum": ""
            },
            "require": {
                "php": ">=5.4.0"
            },
            "require-dev": {
                "pickles2/px-fw-2.x": "^2.0",
                "pickles2/px2-multitheme": "^2.0",
                "pickles2/px2-px2dthelper": "^2.0"
            },
            "type": "library",
            "autoload": {
                "files": []
            },
            "notification-url": "https://packagist.org/downloads/",
            "license": [
                "MIT"
            ],
            "authors": [
                {
                    "name": "Tomoya Koyanagi",
                    "email": "tomk79@gmail.com"
                }
            ],
            "keywords": [
                "broccoli",
                "pickles2"
            ],
            "time": "2020-03-14T07:08:42+00:00"
        },
        {
            "name": "tomk79/filesystem",
            "version": "1.0.8",
            "source": {
                "type": "git",
                "url": "https://github.com/tomk79/filesystem.git",
                "reference": "4f4db2af2ebcb1aad29a5bdf6ba5f7349f776aea"
            },
            "dist": {
                "type": "zip",
                "url": "https://api.github.com/repos/tomk79/filesystem/zipball/4f4db2af2ebcb1aad29a5bdf6ba5f7349f776aea",
                "reference": "4f4db2af2ebcb1aad29a5bdf6ba5f7349f776aea",
                "shasum": ""
            },
            "require": {
                "php": ">=5.3.0"
            },
            "require-dev": {
                "phpdocumentor/phpdocumentor": "2.8.*",
                "phpunit/phpunit": "4.1.*"
            },
            "type": "library",
            "autoload": {
                "files": [
                    "php/filesystem.php"
                ]
            },
            "notification-url": "https://packagist.org/downloads/",
            "license": [
                "MIT"
            ],
            "authors": [
                {
                    "name": "Tomoya Koyanagi",
                    "email": "tomk79@gmail.com",
                    "homepage": "http://www.pxt.jp/"
                }
            ],
            "description": "Simple filesystem utility for PHP.",
            "keywords": [
                "filesystem"
            ],
            "time": "2018-08-16T01:56:20+00:00"
        },
        {
            "name": "tomk79/langbank",
            "version": "0.0.4",
            "source": {
                "type": "git",
                "url": "https://github.com/tomk79/node-langbank.git",
                "reference": "d5363d3d878660a0aa1516f51d5cd8a30231c9d3"
            },
            "dist": {
                "type": "zip",
                "url": "https://api.github.com/repos/tomk79/node-langbank/zipball/d5363d3d878660a0aa1516f51d5cd8a30231c9d3",
                "reference": "d5363d3d878660a0aa1516f51d5cd8a30231c9d3",
                "shasum": ""
            },
            "require": {
                "php": ">=5.4.0",
                "tomk79/filesystem": "^1.0",
                "twig/twig": "*"
            },
            "require-dev": {
                "phpunit/phpunit": "^4.1.0"
            },
            "type": "library",
            "autoload": {
                "files": [
                    "php/main.php"
                ]
            },
            "notification-url": "https://packagist.org/downloads/",
            "license": [
                "MIT"
            ],
            "authors": [
                {
                    "name": "Tomoya Koyanagi",
                    "email": "tomk79@gmail.com"
                }
            ],
            "keywords": [
                "i18n"
            ],
            "time": "2019-12-29T23:21:22+00:00"
        },
        {
            "name": "tomk79/php-excel2html",
            "version": "0.0.7",
            "source": {
                "type": "git",
                "url": "https://github.com/tomk79/php-excel2html.git",
                "reference": "70c019f6c8582b15b6114803d5e97f42393baf2d"
            },
            "dist": {
                "type": "zip",
                "url": "https://api.github.com/repos/tomk79/php-excel2html/zipball/70c019f6c8582b15b6114803d5e97f42393baf2d",
                "reference": "70c019f6c8582b15b6114803d5e97f42393baf2d",
                "shasum": ""
            },
            "require": {
                "michelf/php-markdown": "^1.6.0",
                "php": ">=5.3.0",
                "phpoffice/phpexcel": "1.8.*",
                "tomk79/filesystem": "1.*"
            },
            "require-dev": {
                "phpunit/phpunit": "4.1.*"
            },
            "type": "library",
            "autoload": {
                "files": [
                    "php/main.php"
                ]
            },
            "notification-url": "https://packagist.org/downloads/",
            "license": [
                "MIT"
            ],
            "authors": [
                {
                    "name": "Tomoya Koyanagi",
                    "email": "tomk79@gmail.com"
                }
            ],
            "description": "Convert Excel(*.xlsx) to HTML table. with PHPExcel.",
            "time": "2016-10-18T08:03:45+00:00"
        },
        {
            "name": "tomk79/request",
            "version": "1.0.2",
            "source": {
                "type": "git",
                "url": "https://github.com/tomk79/request.git",
                "reference": "8fcec933e62dcc08b59f0659db5dcaf0d56186bd"
            },
            "dist": {
                "type": "zip",
                "url": "https://api.github.com/repos/tomk79/request/zipball/8fcec933e62dcc08b59f0659db5dcaf0d56186bd",
                "reference": "8fcec933e62dcc08b59f0659db5dcaf0d56186bd",
                "shasum": ""
            },
            "require": {
                "php": ">=5.3.0",
                "tomk79/filesystem": "1.*"
            },
            "require-dev": {
                "phpdocumentor/phpdocumentor": "2.8.*",
                "phpunit/phpunit": "4.1.*"
            },
            "type": "library",
            "autoload": {
                "files": [
                    "php/request.php"
                ]
            },
            "notification-url": "https://packagist.org/downloads/",
            "license": [
                "MIT"
            ],
            "authors": [
                {
                    "name": "Tomoya Koyanagi",
                    "email": "tomk79@gmail.com"
                }
            ],
            "description": "A request management utilitiy for PHP.",
            "time": "2018-08-22T09:51:53+00:00"
        },
        {
            "name": "twig/twig",
            "version": "v3.0.3",
            "source": {
                "type": "git",
                "url": "https://github.com/twigphp/Twig.git",
                "reference": "3b88ccd180a6b61ebb517aea3b1a8906762a1dc2"
            },
            "dist": {
                "type": "zip",
                "url": "https://api.github.com/repos/twigphp/Twig/zipball/3b88ccd180a6b61ebb517aea3b1a8906762a1dc2",
                "reference": "3b88ccd180a6b61ebb517aea3b1a8906762a1dc2",
                "shasum": ""
            },
            "require": {
                "php": "^7.2.5",
                "symfony/polyfill-ctype": "^1.8",
                "symfony/polyfill-mbstring": "^1.3"
            },
            "require-dev": {
                "psr/container": "^1.0",
                "symfony/phpunit-bridge": "^4.4|^5.0"
            },
            "type": "library",
            "extra": {
                "branch-alias": {
                    "dev-master": "3.0-dev"
                }
            },
            "autoload": {
                "psr-4": {
                    "Twig\\": "src/"
                }
            },
            "notification-url": "https://packagist.org/downloads/",
            "license": [
                "BSD-3-Clause"
            ],
            "authors": [
                {
                    "name": "Fabien Potencier",
                    "email": "fabien@symfony.com",
                    "homepage": "http://fabien.potencier.org",
                    "role": "Lead Developer"
                },
                {
                    "name": "Twig Team",
                    "role": "Contributors"
                },
                {
                    "name": "Armin Ronacher",
                    "email": "armin.ronacher@active-4.com",
                    "role": "Project Founder"
                }
            ],
            "description": "Twig, the flexible, fast, and secure template language for PHP",
            "homepage": "https://twig.symfony.com",
            "keywords": [
                "templating"
            ],
            "time": "2020-02-11T15:33:47+00:00"
        }
    ],
    "packages-dev": [],
    "aliases": [],
    "minimum-stability": "stable",
    "stability-flags": [],
    "prefer-stable": false,
    "prefer-lowest": false,
    "platform": {
        "php": ">=5.4.0"
    },
    "platform-dev": []
}
